
Microsoft Visual Studio Solution File, Format Version 12.00
# Visual Studio Version 17
VisualStudioVersion = 17.8.34525.116
MinimumVisualStudioVersion = 10.0.40219.1
Project("{FAE04EC0-301F-11D3-BF4B-00C04F79EFBC}") = "Ejercicio1", "Ejercicio1\Ejercicio1.csproj", "{4E94492A-AA7B-4356-93CD-E2347EA71EDF}"
EndProject
Global
	GlobalSection(SolutionConfigurationPlatforms) = preSolution
		Debug|Any CPU = Debug|Any CPU
		Release|Any CPU = Release|Any CPU
	EndGlobalSection
	GlobalSection(ProjectConfigurationPlatforms) = postSolution
		{4E94492A-AA7B-4356-93CD-E2347EA71EDF}.Debug|Any CPU.ActiveCfg = Debug|Any CPU
		{4E94492A-AA7B-4356-93CD-E2347EA71EDF}.Debug|Any CPU.Build.0 = Debug|Any CPU
		{4E94492A-AA7B-4356-93CD-E2347EA71EDF}.Release|Any CPU.ActiveCfg = Release|Any CPU
		{4E94492A-AA7B-4356-93CD-E2347EA71EDF}.Release|Any CPU.Build.0 = Release|Any CPU
	EndGlobalSection
	GlobalSection(SolutionProperties) = preSolution
		HideSolutionNode = FALSE
	EndGlobalSection
	GlobalSection(ExtensibilityGlobals) = postSolution
		SolutionGuid = {BFB0446A-4583-4F34-B362-C8E6FEB5FB64}
	EndGlobalSection
EndGlobal
